
Microsoft Visual Studio Solution File, Format Version 12.00
# Visual Studio 15
VisualStudioVersion = 15.0.28307.572
MinimumVisualStudioVersion = 10.0.40219.1
Project("{FAE04EC0-301F-11D3-BF4B-00C04F79EFBC}") = "LevelMore", "LevelMore\LevelMore.csproj", "{BB8674B4-F078-4276-9687-6641C4DEBEE1}"
EndProject
Global
	GlobalSection(SolutionConfigurationPlatforms) = preSolution
		Debug|Any CPU = Debug|Any CPU
		Debug|x86 = Debug|x86
		Release|Any CPU = Release|Any CPU
		Release|x86 = Release|x86
	EndGlobalSection
	GlobalSection(ProjectConfigurationPlatforms) = postSolution
		{BB8674B4-F078-4276-9687-6641C4DEBEE1}.Debug|Any CPU.ActiveCfg = Debug|Any CPU
		{BB8674B4-F078-4276-9687-6641C4DEBEE1}.Debug|Any CPU.Build.0 = Debug|Any CPU
		{BB8674B4-F078-4276-9687-6641C4DEBEE1}.Debug|x86.ActiveCfg = Debug|x86
		{BB8674B4-F078-4276-9687-6641C4DEBEE1}.Debug|x86.Build.0 = Debug|x86
		{BB8674B4-F078-4276-9687-6641C4DEBEE1}.Release|Any CPU.ActiveCfg = Release|Any CPU
		{BB8674B4-F078-4276-9687-6641C4DEBEE1}.Release|Any CPU.Build.0 = Release|Any CPU
		{BB8674B4-F078-4276-9687-6641C4DEBEE1}.Release|x86.ActiveCfg = Release|x86
		{BB8674B4-F078-4276-9687-6641C4DEBEE1}.Release|x86.Build.0 = Release|x86
	EndGlobalSection
	GlobalSection(SolutionProperties) = preSolution
		HideSolutionNode = FALSE
	EndGlobalSection
	GlobalSection(ExtensibilityGlobals) = postSolution
		SolutionGuid = {B830AEF5-A936-485E-85F4-7D2EC35271C1}
	EndGlobalSection
EndGlobal
